
Microsoft Visual Studio Solution File, Format Version 12.00
# Visual Studio Version 16
VisualStudioVersion = 16.0.30011.22
MinimumVisualStudioVersion = 10.0.40219.1
Project("{9A19103F-16F7-4668-BE54-9A1E7A4F7556}") = "DesignPatterns.Strategy", "DesignPatterns.Strategy\DesignPatterns.Strategy.csproj", "{B537F297-BFA0-4E18-9060-31E5F6C60234}"
EndProject
Project("{9A19103F-16F7-4668-BE54-9A1E7A4F7556}") = "DesignPatterns.Singleton", "DesignPatterns.Singleton\DesignPatterns.Singleton.csproj", "{809471A3-49B9-4C4D-94FF-A7E26D49006D}"
EndProject
Project("{FAE04EC0-301F-11D3-BF4B-00C04F79EFBC}") = "DesignPatterns.Strategy.Investment", "DesignPatterns.Strategy.Investment\DesignPatterns.Strategy.Investment.csproj", "{0552CE89-1079-439A-B9EF-E9EF9F516D3C}"
EndProject
Global
	GlobalSection(SolutionConfigurationPlatforms) = preSolution
		Debug|Any CPU = Debug|Any CPU
		Release|Any CPU = Release|Any CPU
	EndGlobalSection
	GlobalSection(ProjectConfigurationPlatforms) = postSolution
		{B537F297-BFA0-4E18-9060-31E5F6C60234}.Debug|Any CPU.ActiveCfg = Debug|Any CPU
		{B537F297-BFA0-4E18-9060-31E5F6C60234}.Debug|Any CPU.Build.0 = Debug|Any CPU
		{B537F297-BFA0-4E18-9060-31E5F6C60234}.Release|Any CPU.ActiveCfg = Release|Any CPU
		{B537F297-BFA0-4E18-9060-31E5F6C60234}.Release|Any CPU.Build.0 = Release|Any CPU
		{809471A3-49B9-4C4D-94FF-A7E26D49006D}.Debug|Any CPU.ActiveCfg = Debug|Any CPU
		{809471A3-49B9-4C4D-94FF-A7E26D49006D}.Debug|Any CPU.Build.0 = Debug|Any CPU
		{809471A3-49B9-4C4D-94FF-A7E26D49006D}.Release|Any CPU.ActiveCfg = Release|Any CPU
		{809471A3-49B9-4C4D-94FF-A7E26D49006D}.Release|Any CPU.Build.0 = Release|Any CPU
		{0552CE89-1079-439A-B9EF-E9EF9F516D3C}.Debug|Any CPU.ActiveCfg = Debug|Any CPU
		{0552CE89-1079-439A-B9EF-E9EF9F516D3C}.Debug|Any CPU.Build.0 = Debug|Any CPU
		{0552CE89-1079-439A-B9EF-E9EF9F516D3C}.Release|Any CPU.ActiveCfg = Release|Any CPU
		{0552CE89-1079-439A-B9EF-E9EF9F516D3C}.Release|Any CPU.Build.0 = Release|Any CPU
	EndGlobalSection
	GlobalSection(SolutionProperties) = preSolution
		HideSolutionNode = FALSE
	EndGlobalSection
	GlobalSection(ExtensibilityGlobals) = postSolution
		SolutionGuid = {A0640C70-5026-412C-961C-4ECBAF59FF01}
	EndGlobalSection
EndGlobal
